// !$*UTF8*$!
{
	archiveVersion = 1;
	classes = {
	};
	objectVersion = 56;
	objects = {

/* Begin PBXBuildFile section */
		17B59AD02BEE45B900EEB2CF /* AppDelegate.swift in Sources */ = {isa = PBXBuildFile; fileRef = 17B59ACF2BEE45B900EEB2CF /* AppDelegate.swift */; };
		17B59AD22BEE45B900EEB2CF /* SceneDelegate.swift in Sources */ = {isa = PBXBuildFile; fileRef = 17B59AD12BEE45B900EEB2CF /* SceneDelegate.swift */; };
		17B59AD42BEE45B900EEB2CF /* ViewController.swift in Sources */ = {isa = PBXBuildFile; fileRef = 17B59AD32BEE45B900EEB2CF /* ViewController.swift */; };
		17B59AD72BEE45B900EEB2CF /* Base in Resources */ = {isa = PBXBuildFile; fileRef = 17B59AD62BEE45B900EEB2CF /* Base */; };
		17B59AD92BEE45BF00EEB2CF /* Assets.xcassets in Resources */ = {isa = PBXBuildFile; fileRef = 17B59AD82BEE45BF00EEB2CF /* Assets.xcassets */; };
		17B59ADC2BEE45BF00EEB2CF /* Base in Resources */ = {isa = PBXBuildFile; fileRef = 17B59ADB2BEE45BF00EEB2CF /* Base */; };
		17B59AE72BEE45C000EEB2CF /* Birthday_Note_TrackerTests.swift in Sources */ = {isa = PBXBuildFile; fileRef = 17B59AE62BEE45C000EEB2CF /* Birthday_Note_TrackerTests.swift */; };
		17B59AF12BEE45C000EEB2CF /* Birthday_Note_TrackerUITests.swift in Sources */ = {isa = PBXBuildFile; fileRef = 17B59AF02BEE45C000EEB2CF /* Birthday_Note_TrackerUITests.swift */; };
		17B59AF32BEE45C000EEB2CF /* Birthday_Note_TrackerUITestsLaunchTests.swift in Sources */ = {isa = PBXBuildFile; fileRef = 17B59AF22BEE45C000EEB2CF /* Birthday_Note_TrackerUITestsLaunchTests.swift */; };
/* End PBXBuildFile section */

/* Begin PBXContainerItemProxy section */
		17B59AE32BEE45C000EEB2CF /* PBXContainerItemProxy */ = {
			isa = PBXContainerItemProxy;
			containerPortal = 17B59AC42BEE45B900EEB2CF /* Project object */;
			proxyType = 1;
			remoteGlobalIDString = 17B59ACB2BEE45B900EEB2CF;
			remoteInfo = "Birthday Note Tracker";
		};
		17B59AED2BEE45C000EEB2CF /* PBXContainerItemProxy */ = {
			isa = PBXContainerItemProxy;
			containerPortal = 17B59AC42BEE45B900EEB2CF /* Project object */;
			proxyType = 1;
			remoteGlobalIDString = 17B59ACB2BEE45B900EEB2CF;
			remoteInfo = "Birthday Note Tracker";
		};
/* End PBXContainerItemProxy section */

/* Begin PBXFileReference section */
		17B59ACC2BEE45B900EEB2CF /* Birthday Note Tracker.app */ = {isa = PBXFileReference; explicitFileType = wrapper.application; includeInIndex = 0; path = "Birthday Note Tracker.app"; sourceTree = BUILT_PRODUCTS_DIR; };
		17B59ACF2BEE45B900EEB2CF /* AppDelegate.swift */ = {isa = PBXFileReference; lastKnownFileType = sourcecode.swift; path = AppDelegate.swift; sourceTree = "<group>"; };
		17B59AD12BEE45B900EEB2CF /* SceneDelegate.swift */ = {isa = PBXFileReference; lastKnownFileType = sourcecode.swift; path = SceneDelegate.swift; sourceTree = "<group>"; };
		17B59AD32BEE45B900EEB2CF /* ViewController.swift */ = {isa = PBXFileReference; lastKnownFileType = sourcecode.swift; path = ViewController.swift; sourceTree = "<group>"; };
		17B59AD62BEE45B900EEB2CF /* Base */ = {isa = PBXFileReference; lastKnownFileType = file.storyboard; name = Base; path = Base.lproj/Main.storyboard; sourceTree = "<group>"; };
		17B59AD82BEE45BF00EEB2CF /* Assets.xcassets */ = {isa = PBXFileReference; lastKnownFileType = folder.assetcatalog; path = Assets.xcassets; sourceTree = "<group>"; };
		17B59ADB2BEE45BF00EEB2CF /* Base */ = {isa = PBXFileReference; lastKnownFileType = file.storyboard; name = Base; path = Base.lproj/LaunchScreen.storyboard; sourceTree = "<group>"; };
		17B59ADD2BEE45BF00EEB2CF /* Info.plist */ = {isa = PBXFileReference; lastKnownFileType = text.plist.xml; path = Info.plist; sourceTree = "<group>"; };
		17B59AE22BEE45C000EEB2CF /* Birthday Note TrackerTests.xctest */ = {isa = PBXFileReference; explicitFileType = wrapper.cfbundle; includeInIndex = 0; path = "Birthday Note TrackerTests.xctest"; sourceTree = BUILT_PRODUCTS_DIR; };
		17B59AE62BEE45C000EEB2CF /* Birthday_Note_TrackerTests.swift */ = {isa = PBXFileReference; lastKnownFileType = sourcecode.swift; path = Birthday_Note_TrackerTests.swift; sourceTree = "<group>"; };
		17B59AEC2BEE45C000EEB2CF /* Birthday Note TrackerUITests.xctest */ = {isa = PBXFileReference; explicitFileType = wrapper.cfbundle; includeInIndex = 0; path = "Birthday Note TrackerUITests.xctest"; sourceTree = BUILT_PRODUCTS_DIR; };
		17B59AF02BEE45C000EEB2CF /* Birthday_Note_TrackerUITests.swift */ = {isa = PBXFileReference; lastKnownFileType = sourcecode.swift; path = Birthday_Note_TrackerUITests.swift; sourceTree = "<group>"; };
		17B59AF22BEE45C000EEB2CF /* Birthday_Note_TrackerUITestsLaunchTests.swift */ = {isa = PBXFileReference; lastKnownFileType = sourcecode.swift; path = Birthday_Note_TrackerUITestsLaunchTests.swift; sourceTree = "<group>"; };
/* End PBXFileReference section */

/* Begin PBXFrameworksBuildPhase section */
		17B59AC92BEE45B900EEB2CF /* Frameworks */ = {
			isa = PBXFrameworksBuildPhase;
			buildActionMask = 2147483647;
			files = (
			);
			runOnlyForDeploymentPostprocessing = 0;
		};
		17B59ADF2BEE45C000EEB2CF /* Frameworks */ = {
			isa = PBXFrameworksBuildPhase;
			buildActionMask = 2147483647;
			files = (
			);
			runOnlyForDeploymentPostprocessing = 0;
		};
		17B59AE92BEE45C000EEB2CF /* Frameworks */ = {
			isa = PBXFrameworksBuildPhase;
			buildActionMask = 2147483647;
			files = (
			);
			runOnlyForDeploymentPostprocessing = 0;
		};
/* End PBXFrameworksBuildPhase section */

/* Begin PBXGroup section */
		17B59AC32BEE45B900EEB2CF = {
			isa = PBXGroup;
			children = (
				17B59ACE2BEE45B900EEB2CF /* Birthday Note Tracker */,
				17B59AE52BEE45C000EEB2CF /* Birthday Note TrackerTests */,
				17B59AEF2BEE45C000EEB2CF /* Birthday Note TrackerUITests */,
				17B59ACD2BEE45B900EEB2CF /* Products */,
			);
			sourceTree = "<group>";
		};
		17B59ACD2BEE45B900EEB2CF /* Products */ = {
			isa = PBXGroup;
			children = (
				17B59ACC2BEE45B900EEB2CF /* Birthday Note Tracker.app */,
				17B59AE22BEE45C000EEB2CF /* Birthday Note TrackerTests.xctest */,
				17B59AEC2BEE45C000EEB2CF /* Birthday Note TrackerUITests.xctest */,
			);
			name = Products;
			sourceTree = "<group>";
		};
		17B59ACE2BEE45B900EEB2CF /* Birthday Note Tracker */ = {
			isa = PBXGroup;
			children = (
				17B59ACF2BEE45B900EEB2CF /* AppDelegate.swift */,
				17B59AD12BEE45B900EEB2CF /* SceneDelegate.swift */,
				17B59AD32BEE45B900EEB2CF /* ViewController.swift */,
				17B59AD52BEE45B900EEB2CF /* Main.storyboard */,
				17B59AD82BEE45BF00EEB2CF /* Assets.xcassets */,
				17B59ADA2BEE45BF00EEB2CF /* LaunchScreen.storyboard */,
				17B59ADD2BEE45BF00EEB2CF /* Info.plist */,
			);
			path = "Birthday Note Tracker";
			sourceTree = "<group>";
		};
		17B59AE52BEE45C000EEB2CF /* Birthday Note TrackerTests */ = {
			isa = PBXGroup;
			children = (
				17B59AE62BEE45C000EEB2CF /* Birthday_Note_TrackerTests.swift */,
			);
			path = "Birthday Note TrackerTests";
			sourceTree = "<group>";
		};
		17B59AEF2BEE45C000EEB2CF /* Birthday Note TrackerUITests */ = {
			isa = PBXGroup;
			children = (
				17B59AF02BEE45C000EEB2CF /* Birthday_Note_TrackerUITests.swift */,
				17B59AF22BEE45C000EEB2CF /* Birthday_Note_TrackerUITestsLaunchTests.swift */,
			);
			path = "Birthday Note TrackerUITests";
			sourceTree = "<group>";
		};
/* End PBXGroup section */

/* Begin PBXNativeTarget section */
		17B59ACB2BEE45B900EEB2CF /* Birthday Note Tracker */ = {
			isa = PBXNativeTarget;
			buildConfigurationList = 17B59AF62BEE45C000EEB2CF /* Build configuration list for PBXNativeTarget "Birthday Note Tracker" */;
			buildPhases = (
				17B59AC82BEE45B900EEB2CF /* Sources */,
				17B59AC92BEE45B900EEB2CF /* Frameworks */,
				17B59ACA2BEE45B900EEB2CF /* Resources */,
			);
			buildRules = (
			);
			dependencies = (
			);
			name = "Birthday Note Tracker";
			productName = "Birthday Note Tracker";
			productReference = 17B59ACC2BEE45B900EEB2CF /* Birthday Note Tracker.app */;
			productType = "com.apple.product-type.application";
		};
		17B59AE12BEE45C000EEB2CF /* Birthday Note TrackerTests */ = {
			isa = PBXNativeTarget;
			buildConfigurationList = 17B59AF92BEE45C000EEB2CF /* Build configuration list for PBXNativeTarget "Birthday Note TrackerTests" */;
			buildPhases = (
				17B59ADE2BEE45C000EEB2CF /* Sources */,
				17B59ADF2BEE45C000EEB2CF /* Frameworks */,
				17B59AE02BEE45C000EEB2CF /* Resources */,
			);
			buildRules = (
			);
			dependencies = (
				17B59AE42BEE45C000EEB2CF /* PBXTargetDependency */,
			);
			name = "Birthday Note TrackerTests";
			productName = "Birthday Note TrackerTests";
			productReference = 17B59AE22BEE45C000EEB2CF /* Birthday Note TrackerTests.xctest */;
			productType = "com.apple.product-type.bundle.unit-test";
		};
		17B59AEB2BEE45C000EEB2CF /* Birthday Note TrackerUITests */ = {
			isa = PBXNativeTarget;
			buildConfigurationList = 17B59AFC2BEE45C000EEB2CF /* Build configuration list for PBXNativeTarget "Birthday Note TrackerUITests" */;
			buildPhases = (
				17B59AE82BEE45C000EEB2CF /* Sources */,
				17B59AE92BEE45C000EEB2CF /* Frameworks */,
				17B59AEA2BEE45C000EEB2CF /* Resources */,
			);
			buildRules = (
			);
			dependencies = (
				17B59AEE2BEE45C000EEB2CF /* PBXTargetDependency */,
			);
			name = "Birthday Note TrackerUITests";
			productName = "Birthday Note TrackerUITests";
			productReference = 17B59AEC2BEE45C000EEB2CF /* Birthday Note TrackerUITests.xctest */;
			productType = "com.apple.product-type.bundle.ui-testing";
		};
/* End PBXNativeTarget section */

/* Begin PBXProject section */
		17B59AC42BEE45B900EEB2CF /* Project object */ = {
			isa = PBXProject;
			attributes = {
				BuildIndependentTargetsInParallel = 1;
				LastSwiftUpdateCheck = 1530;
				LastUpgradeCheck = 1530;
				TargetAttributes = {
					17B59ACB2BEE45B900EEB2CF = {
						CreatedOnToolsVersion = 15.3;
					};
					17B59AE12BEE45C000EEB2CF = {
						CreatedOnToolsVersion = 15.3;
						TestTargetID = 17B59ACB2BEE45B900EEB2CF;
					};
					17B59AEB2BEE45C000EEB2CF = {
						CreatedOnToolsVersion = 15.3;
						TestTargetID = 17B59ACB2BEE45B900EEB2CF;
					};
				};
			};
			buildConfigurationList = 17B59AC72BEE45B900EEB2CF /* Build configuration list for PBXProject "Birthday Note Tracker" */;
			compatibilityVersion = "Xcode 14.0";
			developmentRegion = en;
			hasScannedForEncodings = 0;
			knownRegions = (
				en,
				Base,
			);
			mainGroup = 17B59AC32BEE45B900EEB2CF;
			productRefGroup = 17B59ACD2BEE45B900EEB2CF /* Products */;
			projectDirPath = "";
			projectRoot = "";
			targets = (
				17B59ACB2BEE45B900EEB2CF /* Birthday Note Tracker */,
				17B59AE12BEE45C000EEB2CF /* Birthday Note TrackerTests */,
				17B59AEB2BEE45C000EEB2CF /* Birthday Note TrackerUITests */,
			);
		};
/* End PBXProject section */

/* Begin PBXResourcesBuildPhase section */
		17B59ACA2BEE45B900EEB2CF /* Resources */ = {
			isa = PBXResourcesBuildPhase;
			buildActionMask = 2147483647;
			files = (
				17B59AD92BEE45BF00EEB2CF /* Assets.xcassets in Resources */,
				17B59ADC2BEE45BF00EEB2CF /* Base in Resources */,
				17B59AD72BEE45B900EEB2CF /* Base in Resources */,
			);
			runOnlyForDeploymentPostprocessing = 0;
		};
		17B59AE02BEE45C000EEB2CF /* Resources */ = {
			isa = PBXResourcesBuildPhase;
			buildActionMask = 2147483647;
			files = (
			);
			runOnlyForDeploymentPostprocessing = 0;
		};
		17B59AEA2BEE45C000EEB2CF /* Resources */ = {
			isa = PBXResourcesBuildPhase;
			buildActionMask = 2147483647;
			files = (
			);
			runOnlyForDeploymentPostprocessing = 0;
		};
/* End PBXResourcesBuildPhase section */

/* Begin PBXSourcesBuildPhase section */
		17B59AC82BEE45B900EEB2CF /* Sources */ = {
			isa = PBXSourcesBuildPhase;
			buildActionMask = 2147483647;
			files = (
				17B59AD42BEE45B900EEB2CF /* ViewController.swift in Sources */,
				17B59AD02BEE45B900EEB2CF /* AppDelegate.swift in Sources */,
				17B59AD22BEE45B900EEB2CF /* SceneDelegate.swift in Sources */,
			);
			runOnlyForDeploymentPostprocessing = 0;
		};
		17B59ADE2BEE45C000EEB2CF /* Sources */ = {
			isa = PBXSourcesBuildPhase;
			buildActionMask = 2147483647;
			files = (
				17B59AE72BEE45C000EEB2CF /* Birthday_Note_TrackerTests.swift in Sources */,
			);
			runOnlyForDeploymentPostprocessing = 0;
		};
		17B59AE82BEE45C000EEB2CF /* Sources */ = {
			isa = PBXSourcesBuildPhase;
			buildActionMask = 2147483647;
			files = (
				17B59AF32BEE45C000EEB2CF /* Birthday_Note_TrackerUITestsLaunchTests.swift in Sources */,
				17B59AF12BEE45C000EEB2CF /* Birthday_Note_TrackerUITests.swift in Sources */,
			);
			runOnlyForDeploymentPostprocessing = 0;
		};
/* End PBXSourcesBuildPhase section */

/* Begin PBXTargetDependency section */
		17B59AE42BEE45C000EEB2CF /* PBXTargetDependency */ = {
			isa = PBXTargetDependency;
			target = 17B59ACB2BEE45B900EEB2CF /* Birthday Note Tracker */;
			targetProxy = 17B59AE32BEE45C000EEB2CF /* PBXContainerItemProxy */;
		};
		17B59AEE2BEE45C000EEB2CF /* PBXTargetDependency */ = {
			isa = PBXTargetDependency;
			target = 17B59ACB2BEE45B900EEB2CF /* Birthday Note Tracker */;
			targetProxy = 17B59AED2BEE45C000EEB2CF /* PBXContainerItemProxy */;
		};
/* End PBXTargetDependency section */

/* Begin PBXVariantGroup section */
		17B59AD52BEE45B900EEB2CF /* Main.storyboard */ = {
			isa = PBXVariantGroup;
			children = (
				17B59AD62BEE45B900EEB2CF /* Base */,
			);
			name = Main.storyboard;
			sourceTree = "<group>";
		};
		17B59ADA2BEE45BF00EEB2CF /* LaunchScreen.storyboard */ = {
			isa = PBXVariantGroup;
			children = (
				17B59ADB2BEE45BF00EEB2CF /* Base */,
			);
			name = LaunchScreen.storyboard;
			sourceTree = "<group>";
		};
/* End PBXVariantGroup section */

/* Begin XCBuildConfiguration section */
		17B59AF42BEE45C000EEB2CF /* Debug */ = {
			isa = XCBuildConfiguration;
			buildSettings = {
				ALWAYS_SEARCH_USER_PATHS = NO;
				ASSETCATALOG_COMPILER_GENERATE_SWIFT_ASSET_SYMBOL_EXTENSIONS = YES;
				CLANG_ANALYZER_NONNULL = YES;
				CLANG_ANALYZER_NUMBER_OBJECT_CONVERSION = YES_AGGRESSIVE;
				CLANG_CXX_LANGUAGE_STANDARD = "gnu++20";
				CLANG_ENABLE_MODULES = YES;
				CLANG_ENABLE_OBJC_ARC = YES;
				CLANG_ENABLE_OBJC_WEAK = YES;
				CLANG_WARN_BLOCK_CAPTURE_AUTORELEASING = YES;
				CLANG_WARN_BOOL_CONVERSION = YES;
				CLANG_WARN_COMMA = YES;
				CLANG_WARN_CONSTANT_CONVERSION = YES;
				CLANG_WARN_DEPRECATED_OBJC_IMPLEMENTATIONS = YES;
				CLANG_WARN_DIRECT_OBJC_ISA_USAGE = YES_ERROR;
				CLANG_WARN_DOCUMENTATION_COMMENTS = YES;
				CLANG_WARN_EMPTY_BODY = YES;
				CLANG_WARN_ENUM_CONVERSION = YES;
				CLANG_WARN_INFINITE_RECURSION = YES;
				CLANG_WARN_INT_CONVERSION = YES;
				CLANG_WARN_NON_LITERAL_NULL_CONVERSION = YES;
				CLANG_WARN_OBJC_IMPLICIT_RETAIN_SELF = YES;
				CLANG_WARN_OBJC_LITERAL_CONVERSION = YES;
				CLANG_WARN_OBJC_ROOT_CLASS = YES_ERROR;
				CLANG_WARN_QUOTED_INCLUDE_IN_FRAMEWORK_HEADER = YES;
				CLANG_WARN_RANGE_LOOP_ANALYSIS = YES;
				CLANG_WARN_STRICT_PROTOTYPES = YES;
				CLANG_WARN_SUSPICIOUS_MOVE = YES;
				CLANG_WARN_UNGUARDED_AVAILABILITY = YES_AGGRESSIVE;
				CLANG_WARN_UNREACHABLE_CODE = YES;
				CLANG_WARN__DUPLICATE_METHOD_MATCH = YES;
				COPY_PHASE_STRIP = NO;
				DEBUG_INFORMATION_FORMAT = dwarf;
				ENABLE_STRICT_OBJC_MSGSEND = YES;
				ENABLE_TESTABILITY = YES;
				ENABLE_USER_SCRIPT_SANDBOXING = YES;
				GCC_C_LANGUAGE_STANDARD = gnu17;
				GCC_DYNAMIC_NO_PIC = NO;
				GCC_NO_COMMON_BLOCKS = YES;
				GCC_OPTIMIZATION_LEVEL = 0;
				GCC_PREPROCESSOR_DEFINITIONS = (
					"DEBUG=1",
					"$(inherited)",
				);
				GCC_WARN_64_TO_32_BIT_CONVERSION = YES;
				GCC_WARN_ABOUT_RETURN_TYPE = YES_ERROR;
				GCC_WARN_UNDECLARED_SELECTOR = YES;
				GCC_WARN_UNINITIALIZED_AUTOS = YES_AGGRESSIVE;
				GCC_WARN_UNUSED_FUNCTION = YES;
				GCC_WARN_UNUSED_VARIABLE = YES;
				IPHONEOS_DEPLOYMENT_TARGET = 17.4;
				LOCALIZATION_PREFERS_STRING_CATALOGS = YES;
				MTL_ENABLE_DEBUG_INFO = INCLUDE_SOURCE;
				MTL_FAST_MATH = YES;
				ONLY_ACTIVE_ARCH = YES;
				SDKROOT = iphoneos;
				SWIFT_ACTIVE_COMPILATION_CONDITIONS = "DEBUG $(inherited)";
				SWIFT_OPTIMIZATION_LEVEL = "-Onone";
			};
			name = Debug;
		};
		17B59AF52BEE45C000EEB2CF /* Release */ = {
			isa = XCBuildConfiguration;
			buildSettings = {
				ALWAYS_SEARCH_USER_PATHS = NO;
				ASSETCATALOG_COMPILER_GENERATE_SWIFT_ASSET_SYMBOL_EXTENSIONS = YES;
				CLANG_ANALYZER_NONNULL = YES;
				CLANG_ANALYZER_NUMBER_OBJECT_CONVERSION = YES_AGGRESSIVE;
				CLANG_CXX_LANGUAGE_STANDARD = "gnu++20";
				CLANG_ENABLE_MODULES = YES;
				CLANG_ENABLE_OBJC_ARC = YES;
				CLANG_ENABLE_OBJC_WEAK = YES;
				CLANG_WARN_BLOCK_CAPTURE_AUTORELEASING = YES;
				CLANG_WARN_BOOL_CONVERSION = YES;
				CLANG_WARN_COMMA = YES;
				CLANG_WARN_CONSTANT_CONVERSION = YES;
				CLANG_WARN_DEPRECATED_OBJC_IMPLEMENTATIONS = YES;
				CLANG_WARN_DIRECT_OBJC_ISA_USAGE = YES_ERROR;
				CLANG_WARN_DOCUMENTATION_COMMENTS = YES;
				CLANG_WARN_EMPTY_BODY = YES;
				CLANG_WARN_ENUM_CONVERSION = YES;
				CLANG_WARN_INFINITE_RECURSION = YES;
				CLANG_WARN_INT_CONVERSION = YES;
				CLANG_WARN_NON_LITERAL_NULL_CONVERSION = YES;
				CLANG_WARN_OBJC_IMPLICIT_RETAIN_SELF = YES;
				CLANG_WARN_OBJC_LITERAL_CONVERSION = YES;
				CLANG_WARN_OBJC_ROOT_CLASS = YES_ERROR;
				CLANG_WARN_QUOTED_INCLUDE_IN_FRAMEWORK_HEADER = YES;
				CLANG_WARN_RANGE_LOOP_ANALYSIS = YES;
				CLANG_WARN_STRICT_PROTOTYPES = YES;
				CLANG_WARN_SUSPICIOUS_MOVE = YES;
				CLANG_WARN_UNGUARDED_AVAILABILITY = YES_AGGRESSIVE;
				CLANG_WARN_UNREACHABLE_CODE = YES;
				CLANG_WARN__DUPLICATE_METHOD_MATCH = YES;
				COPY_PHASE_STRIP = NO;
				DEBUG_INFORMATION_FORMAT = "dwarf-with-dsym";
				ENABLE_NS_ASSERTIONS = NO;
				ENABLE_STRICT_OBJC_MSGSEND = YES;
				ENABLE_USER_SCRIPT_SANDBOXING = YES;
				GCC_C_LANGUAGE_STANDARD = gnu17;
				GCC_NO_COMMON_BLOCKS = YES;
				GCC_WARN_64_TO_32_BIT_CONVERSION = YES;
				GCC_WARN_ABOUT_RETURN_TYPE = YES_ERROR;
				GCC_WARN_UNDECLARED_SELECTOR = YES;
				GCC_WARN_UNINITIALIZED_AUTOS = YES_AGGRESSIVE;
				GCC_WARN_UNUSED_FUNCTION = YES;
				GCC_WARN_UNUSED_VARIABLE = YES;
				IPHONEOS_DEPLOYMENT_TARGET = 17.4;
				LOCALIZATION_PREFERS_STRING_CATALOGS = YES;
				MTL_ENABLE_DEBUG_INFO = NO;
				MTL_FAST_MATH = YES;
				SDKROOT = iphoneos;
				SWIFT_COMPILATION_MODE = wholemodule;
				VALIDATE_PRODUCT = YES;
			};
			name = Release;
		};
		17B59AF72BEE45C000EEB2CF /* Debug */ = {
			isa = XCBuildConfiguration;
			buildSettings = {
				ASSETCATALOG_COMPILER_APPICON_NAME = AppIcon;
				ASSETCATALOG_COMPILER_GLOBAL_ACCENT_COLOR_NAME = AccentColor;
				CODE_SIGN_STYLE = Automatic;
				CURRENT_PROJECT_VERSION = 1;
				GENERATE_INFOPLIST_FILE = YES;
				INFOPLIST_FILE = "Birthday Note Tracker/Info.plist";
				INFOPLIST_KEY_UIApplicationSupportsIndirectInputEvents = YES;
				INFOPLIST_KEY_UILaunchStoryboardName = LaunchScreen;
				INFOPLIST_KEY_UIMainStoryboardFile = Main;
				INFOPLIST_KEY_UISupportedInterfaceOrientations_iPad = "UIInterfaceOrientationPortrait UIInterfaceOrientationPortraitUpsideDown UIInterfaceOrientationLandscapeLeft UIInterfaceOrientationLandscapeRight";
				INFOPLIST_KEY_UISupportedInterfaceOrientations_iPhone = "UIInterfaceOrientationPortrait UIInterfaceOrientationLandscapeLeft UIInterfaceOrientationLandscapeRight";
				LD_RUNPATH_SEARCH_PATHS = (
					"$(inherited)",
					"@executable_path/Frameworks",
				);
				MARKETING_VERSION = 1.0;
				PRODUCT_BUNDLE_IDENTIFIER = "com.divaybhasin.Birthday-Note-Tracker";
				PRODUCT_NAME = "$(TARGET_NAME)";
				SWIFT_EMIT_LOC_STRINGS = YES;
				SWIFT_VERSION = 5.0;
				TARGETED_DEVICE_FAMILY = "1,2";
			};
			name = Debug;
		};
		17B59AF82BEE45C000EEB2CF /* Release */ = {
			isa = XCBuildConfiguration;
			buildSettings = {
				ASSETCATALOG_COMPILER_APPICON_NAME = AppIcon;
				ASSETCATALOG_COMPILER_GLOBAL_ACCENT_COLOR_NAME = AccentColor;
				CODE_SIGN_STYLE = Automatic;
				CURRENT_PROJECT_VERSION = 1;
				GENERATE_INFOPLIST_FILE = YES;
				INFOPLIST_FILE = "Birthday Note Tracker/Info.plist";
				INFOPLIST_KEY_UIApplicationSupportsIndirectInputEvents = YES;
				INFOPLIST_KEY_UILaunchStoryboardName = LaunchScreen;
				INFOPLIST_KEY_UIMainStoryboardFile = Main;
				INFOPLIST_KEY_UISupportedInterfaceOrientations_iPad = "UIInterfaceOrientationPortrait UIInterfaceOrientationPortraitUpsideDown UIInterfaceOrientationLandscapeLeft UIInterfaceOrientationLandscapeRight";
				INFOPLIST_KEY_UISupportedInterfaceOrientations_iPhone = "UIInterfaceOrientationPortrait UIInterfaceOrientationLandscapeLeft UIInterfaceOrientationLandscapeRight";
				LD_RUNPATH_SEARCH_PATHS = (
					"$(inherited)",
					"@executable_path/Frameworks",
				);
				MARKETING_VERSION = 1.0;
				PRODUCT_BUNDLE_IDENTIFIER = "com.divaybhasin.Birthday-Note-Tracker";
				PRODUCT_NAME = "$(TARGET_NAME)";
				SWIFT_EMIT_LOC_STRINGS = YES;
				SWIFT_VERSION = 5.0;
				TARGETED_DEVICE_FAMILY = "1,2";
			};
			name = Release;
		};
		17B59AFA2BEE45C000EEB2CF /* Debug */ = {
			isa = XCBuildConfiguration;
			buildSettings = {
				ALWAYS_EMBED_SWIFT_STANDARD_LIBRARIES = YES;
				BUNDLE_LOADER = "$(TEST_HOST)";
				CODE_SIGN_STYLE = Automatic;
				CURRENT_PROJECT_VERSION = 1;
				GENERATE_INFOPLIST_FILE = YES;
				IPHONEOS_DEPLOYMENT_TARGET = 17.4;
				MARKETING_VERSION = 1.0;
				PRODUCT_BUNDLE_IDENTIFIER = "com.divaybhasin.Birthday-Note-TrackerTests";
				PRODUCT_NAME = "$(TARGET_NAME)";
				SWIFT_EMIT_LOC_STRINGS = NO;
				SWIFT_VERSION = 5.0;
				TARGETED_DEVICE_FAMILY = "1,2";
				TEST_HOST = "$(BUILT_PRODUCTS_DIR)/Birthday Note Tracker.app/$(BUNDLE_EXECUTABLE_FOLDER_PATH)/Birthday Note Tracker";
			};
			name = Debug;
		};
		17B59AFB2BEE45C000EEB2CF /* Release */ = {
			isa = XCBuildConfiguration;
			buildSettings = {
				ALWAYS_EMBED_SWIFT_STANDARD_LIBRARIES = YES;
				BUNDLE_LOADER = "$(TEST_HOST)";
				CODE_SIGN_STYLE = Automatic;
				CURRENT_PROJECT_VERSION = 1;
				GENERATE_INFOPLIST_FILE = YES;
				IPHONEOS_DEPLOYMENT_TARGET = 17.4;
				MARKETING_VERSION = 1.0;
				PRODUCT_BUNDLE_IDENTIFIER = "com.divaybhasin.Birthday-Note-TrackerTests";
				PRODUCT_NAME = "$(TARGET_NAME)";
				SWIFT_EMIT_LOC_STRINGS = NO;
				SWIFT_VERSION = 5.0;
				TARGETED_DEVICE_FAMILY = "1,2";
				TEST_HOST = "$(BUILT_PRODUCTS_DIR)/Birthday Note Tracker.app/$(BUNDLE_EXECUTABLE_FOLDER_PATH)/Birthday Note Tracker";
			};
			name = Release;
		};
		17B59AFD2BEE45C000EEB2CF /* Debug */ = {
			isa = XCBuildConfiguration;
			buildSettings = {
				ALWAYS_EMBED_SWIFT_STANDARD_LIBRARIES = YES;
				CODE_SIGN_STYLE = Automatic;
				CURRENT_PROJECT_VERSION = 1;
				GENERATE_INFOPLIST_FILE = YES;
				MARKETING_VERSION = 1.0;
				PRODUCT_BUNDLE_IDENTIFIER = "com.divaybhasin.Birthday-Note-TrackerUITests";
				PRODUCT_NAME = "$(TARGET_NAME)";
				SWIFT_EMIT_LOC_STRINGS = NO;
				SWIFT_VERSION = 5.0;
				TARGETED_DEVICE_FAMILY = "1,2";
				TEST_TARGET_NAME = "Birthday Note Tracker";
			};
			name = Debug;
		};
		17B59AFE2BEE45C000EEB2CF /* Release */ = {
			isa = XCBuildConfiguration;
			buildSettings = {
				ALWAYS_EMBED_SWIFT_STANDARD_LIBRARIES = YES;
				CODE_SIGN_STYLE = Automatic;
				CURRENT_PROJECT_VERSION = 1;
				GENERATE_INFOPLIST_FILE = YES;
				MARKETING_VERSION = 1.0;
				PRODUCT_BUNDLE_IDENTIFIER = "com.divaybhasin.Birthday-Note-TrackerUITests";
				PRODUCT_NAME = "$(TARGET_NAME)";
				SWIFT_EMIT_LOC_STRINGS = NO;
				SWIFT_VERSION = 5.0;
				TARGETED_DEVICE_FAMILY = "1,2";
				TEST_TARGET_NAME = "Birthday Note Tracker";
			};
			name = Release;
		};
/* End XCBuildConfiguration section */

/* Begin XCConfigurationList section */
		17B59AC72BEE45B900EEB2CF /* Build configuration list for PBXProject "Birthday Note Tracker" */ = {
			isa = XCConfigurationList;
			buildConfigurations = (
				17B59AF42BEE45C000EEB2CF /* Debug */,
				17B59AF52BEE45C000EEB2CF /* Release */,
			);
			defaultConfigurationIsVisible = 0;
			defaultConfigurationName = Release;
		};
		17B59AF62BEE45C000EEB2CF /* Build configuration list for PBXNativeTarget "Birthday Note Tracker" */ = {
			isa = XCConfigurationList;
			buildConfigurations = (
				17B59AF72BEE45C000EEB2CF /* Debug */,
				17B59AF82BEE45C000EEB2CF /* Release */,
			);
			defaultConfigurationIsVisible = 0;
			defaultConfigurationName = Release;
		};
		17B59AF92BEE45C000EEB2CF /* Build configuration list for PBXNativeTarget "Birthday Note TrackerTests" */ = {
			isa = XCConfigurationList;
			buildConfigurations = (
				17B59AFA2BEE45C000EEB2CF /* Debug */,
				17B59AFB2BEE45C000EEB2CF /* Release */,
			);
			defaultConfigurationIsVisible = 0;
			defaultConfigurationName = Release;
		};
		17B59AFC2BEE45C000EEB2CF /* Build configuration list for PBXNativeTarget "Birthday Note TrackerUITests" */ = {
			isa = XCConfigurationList;
			buildConfigurations = (
				17B59AFD2BEE45C000EEB2CF /* Debug */,
				17B59AFE2BEE45C000EEB2CF /* Release */,
			);
			defaultConfigurationIsVisible = 0;
			defaultConfigurationName = Release;
		};
/* End XCConfigurationList section */
	};
	rootObject = 17B59AC42BEE45B900EEB2CF /* Project object */;
}
